# This file is automatically @generated by Cargo.
# It is not intended for manual editing.
version = 3

[[package]]
name = "aho-corasick"
version = "0.7.18"
source = "registry+https://github.com/rust-lang/crates.io-index"
checksum = "1e37cfd5e7657ada45f742d6e99ca5788580b5c529dc78faf11ece6dc702656f"
dependencies = [
 "memchr",
]

[[package]]
name = "canter"
version = "0.1.0"
dependencies = [
 "core-foundation",
 "libc",
 "uuid",
]

[[package]]
name = "canter-connector"
version = "0.0.1"
dependencies = [
 "canter",
 "core-foundation",
 "libc",
 "napi",
 "napi-build",
 "napi-derive",
]

[[package]]
name = "cfg-if"
version = "1.0.0"
source = "registry+https://github.com/rust-lang/crates.io-index"
checksum = "baf1de4339761588bc0619e3cbc0120ee582ebb74b53b4efbf79117bd2da40fd"

[[package]]
name = "convert_case"
version = "0.5.0"
source = "registry+https://github.com/rust-lang/crates.io-index"
checksum = "fb4a24b1aaf0fd0ce8b45161144d6f42cd91677fd5940fd431183eb023b3a2b8"

[[package]]
name = "core-foundation"
version = "0.9.2"
source = "registry+https://github.com/rust-lang/crates.io-index"
checksum = "6888e10551bb93e424d8df1d07f1a8b4fceb0001a3a4b048bfc47554946f47b3"
dependencies = [
 "core-foundation-sys",
 "libc",
]

[[package]]
name = "core-foundation-sys"
version = "0.8.3"
source = "registry+https://github.com/rust-lang/crates.io-index"
checksum = "5827cebf4670468b8772dd191856768aedcb1b0278a04f989f7766351917b9dc"

[[package]]
name = "ctor"
version = "0.1.21"
source = "registry+https://github.com/rust-lang/crates.io-index"
checksum = "ccc0a48a9b826acdf4028595adc9db92caea352f7af011a3034acd172a52a0aa"
dependencies = [
 "quote",
 "syn",
]

[[package]]
name = "getrandom"
version = "0.2.3"
source = "registry+https://github.com/rust-lang/crates.io-index"
checksum = "7fcd999463524c52659517fe2cea98493cfe485d10565e7b0fb07dbba7ad2753"
dependencies = [
 "cfg-if",
 "libc",
 "wasi",
]

[[package]]
name = "lazy_static"
version = "1.4.0"
source = "registry+https://github.com/rust-lang/crates.io-index"
checksum = "e2abad23fbc42b3700f2f279844dc832adb2b2eb069b2df918f455c4e18cc646"

[[package]]
name = "libc"
version = "0.2.103"
source = "registry+https://github.com/rust-lang/crates.io-index"
checksum = "dd8f7255a17a627354f321ef0055d63b898c6fb27eff628af4d1b66b7331edf6"

[[package]]
name = "memchr"
version = "2.4.1"
source = "registry+https://github.com/rust-lang/crates.io-index"
checksum = "308cc39be01b73d0d18f82a0e7b2a3df85245f84af96fdddc5d202d27e47b86a"

[[package]]
name = "napi"
version = "2.2.0"
source = "registry+https://github.com/rust-lang/crates.io-index"
checksum = "f88bea662fb056d2115af6a362f89ba8147b26665f3860cc458d25e555d6e60b"
dependencies = [
 "ctor",
 "lazy_static",
 "napi-sys",
 "windows",
]

[[package]]
name = "napi-build"
version = "1.1.0"
source = "registry+https://github.com/rust-lang/crates.io-index"
checksum = "9fbe11972c601a48aa12a0e2aa032e9e251655ce6c6836cac26e5c0b3b5a5dcc"

[[package]]
name = "napi-derive"
version = "2.2.0"
source = "registry+https://github.com/rust-lang/crates.io-index"
checksum = "a4f3a8ed8cdbf81628c394ef5ad22bf9e6af312552bca0b8918b0a3c06ab750d"
dependencies = [
 "convert_case",
 "napi-derive-backend",
 "proc-macro2",
 "quote",
 "syn",
]

[[package]]
name = "napi-derive-backend"
version = "1.0.26"
source = "registry+https://github.com/rust-lang/crates.io-index"
checksum = "6b12b293d2214c58765fbed84d9359d22384cb6f4d9610ed4d807040ed7f47ee"
dependencies = [
 "convert_case",
 "once_cell",
 "proc-macro2",
 "quote",
 "regex",
 "syn",
]

[[package]]
name = "napi-sys"
version = "2.1.0"
source = "registry+https://github.com/rust-lang/crates.io-index"
checksum = "8a385494dac3c52cbcacb393bb3b42669e7db8ab240c7ad5115f549eb061f2cc"

[[package]]
name = "once_cell"
version = "1.10.0"
source = "registry+https://github.com/rust-lang/crates.io-index"
checksum = "87f3e037eac156d1775da914196f0f37741a274155e34a0b7e427c35d2a2ecb9"

[[package]]
name = "proc-macro2"
version = "1.0.30"
source = "registry+https://github.com/rust-lang/crates.io-index"
checksum = "edc3358ebc67bc8b7fa0c007f945b0b18226f78437d61bec735a9eb96b61ee70"
dependencies = [
 "unicode-xid",
]

[[package]]
name = "quote"
version = "1.0.10"
source = "registry+https://github.com/rust-lang/crates.io-index"
checksum = "38bc8cc6a5f2e3655e0899c1b848643b2562f853f114bfec7be120678e3ace05"
dependencies = [
 "proc-macro2",
]

[[package]]
name = "regex"
version = "1.5.5"
source = "registry+https://github.com/rust-lang/crates.io-index"
checksum = "1a11647b6b25ff05a515cb92c365cec08801e83423a235b51e231e1808747286"
dependencies = [
 "aho-corasick",
 "memchr",
 "regex-syntax",
]

[[package]]
name = "regex-syntax"
version = "0.6.25"
source = "registry+https://github.com/rust-lang/crates.io-index"
checksum = "f497285884f3fcff424ffc933e56d7cbca511def0c9831a7f9b5f6153e3cc89b"

[[package]]
name = "serde"
version = "1.0.130"
source = "registry+https://github.com/rust-lang/crates.io-index"
checksum = "f12d06de37cf59146fbdecab66aa99f9fe4f78722e3607577a5375d66bd0c913"

[[package]]
name = "syn"
version = "1.0.80"
source = "registry+https://github.com/rust-lang/crates.io-index"
checksum = "d010a1623fbd906d51d650a9916aaefc05ffa0e4053ff7fe601167f3e715d194"
dependencies = [
 "proc-macro2",
 "quote",
 "unicode-xid",
]

[[package]]
name = "unicode-xid"
version = "0.2.2"
source = "registry+https://github.com/rust-lang/crates.io-index"
checksum = "8ccb82d61f80a663efe1f787a51b16b5a51e3314d6ac365b08639f52387b33f3"

[[package]]
name = "uuid"
version = "0.8.2"
source = "registry+https://github.com/rust-lang/crates.io-index"
checksum = "bc5cf98d8186244414c848017f0e2676b3fcb46807f6668a97dfe67359a3c4b7"
dependencies = [
 "getrandom",
 "serde",
]

[[package]]
name = "wasi"
version = "0.10.2+wasi-snapshot-preview1"
source = "registry+https://github.com/rust-lang/crates.io-index"
checksum = "fd6fbd9a79829dd1ad0cc20627bf1ed606756a7f77edff7b66b7064f9cb327c6"

[[package]]
name = "windows"
version = "0.33.0"
source = "registry+https://github.com/rust-lang/crates.io-index"
checksum = "0128fa8e65e0616e45033d68dc0b7fbd521080b7844e5cad3a4a4d201c4b2bd2"
dependencies = [
 "windows_aarch64_msvc",
 "windows_i686_gnu",
 "windows_i686_msvc",
 "windows_x86_64_gnu",
 "windows_x86_64_msvc",
]

[[package]]
name = "windows_aarch64_msvc"
version = "0.33.0"
source = "registry+https://github.com/rust-lang/crates.io-index"
checksum = "cd761fd3eb9ab8cc1ed81e56e567f02dd82c4c837e48ac3b2181b9ffc5060807"

[[package]]
name = "windows_i686_gnu"
version = "0.33.0"
source = "registry+https://github.com/rust-lang/crates.io-index"
checksum = "cab0cf703a96bab2dc0c02c0fa748491294bf9b7feb27e1f4f96340f208ada0e"

[[package]]
name = "windows_i686_msvc"
version = "0.33.0"
source = "registry+https://github.com/rust-lang/crates.io-index"
checksum = "8cfdbe89cc9ad7ce618ba34abc34bbb6c36d99e96cae2245b7943cd75ee773d0"

[[package]]
name = "windows_x86_64_gnu"
version = "0.33.0"
source = "registry+https://github.com/rust-lang/crates.io-index"
checksum = "b4dd9b0c0e9ece7bb22e84d70d01b71c6d6248b81a3c60d11869451b4cb24784"

[[package]]
name = "windows_x86_64_msvc"
version = "0.33.0"
source = "registry+https://github.com/rust-lang/crates.io-index"
checksum = "ff1e4aa646495048ec7f3ffddc411e1d829c026a2ec62b39da15c1055e406eaa"
